
Microsoft Visual Studio Solution File, Format Version 10.00
# Visual Studio 2008
Project("{E24C65DC-7377-472B-9ABA-BC803B73C61A}") = "personal", ".", "{EC049558-CF38-4B60-80AA-0981660B0B22}"
	ProjectSection(WebsiteProperties) = preProject
		TargetFramework = "3.5"
		Debug.AspNetCompiler.VirtualPath = "/personal"
		Debug.AspNetCompiler.PhysicalPath = "D:\projects\personal\"
		Debug.AspNetCompiler.TargetPath = "PrecompiledWeb\personal\"
		Debug.AspNetCompiler.Updateable = "true"
		Debug.AspNetCompiler.ForceOverwrite = "true"
		Debug.AspNetCompiler.FixedNames = "false"
		Debug.AspNetCompiler.Debug = "True"
		Release.AspNetCompiler.VirtualPath = "/personal"
		Release.AspNetCompiler.PhysicalPath = "D:\projects\personal\"
		Release.AspNetCompiler.TargetPath = "PrecompiledWeb\personal\"
		Release.AspNetCompiler.Updateable = "true"
		Release.AspNetCompiler.ForceOverwrite = "true"
		Release.AspNetCompiler.FixedNames = "false"
		Release.AspNetCompiler.Debug = "False"
		VWDPort = "46368"
	EndProjectSection
EndProject
Global
	GlobalSection(SolutionConfigurationPlatforms) = preSolution
		Debug|.NET = Debug|.NET
	EndGlobalSection
	GlobalSection(ProjectConfigurationPlatforms) = postSolution
		{EC049558-CF38-4B60-80AA-0981660B0B22}.Debug|.NET.ActiveCfg = Debug|.NET
		{EC049558-CF38-4B60-80AA-0981660B0B22}.Debug|.NET.Build.0 = Debug|.NET
	EndGlobalSection
	GlobalSection(SolutionProperties) = preSolution
		HideSolutionNode = FALSE
	EndGlobalSection
EndGlobal
